
Microsoft Visual Studio Solution File, Format Version 12.00
# Visual Studio Version 16
VisualStudioVersion = 25.0.1704.3
MinimumVisualStudioVersion = 10.0.40219.1
Project("{FAE04EC0-301F-11D3-BF4B-00C04F79EFBC}") = "MailAttachmentsDownloader", "MailAttachmentsDownloader.csproj", "{DF428D1A-C218-4829-B9B3-904DF9452128}"
EndProject
Global
	GlobalSection(SolutionConfigurationPlatforms) = preSolution
		Debug|Any CPU = Debug|Any CPU
		Release|Any CPU = Release|Any CPU
	EndGlobalSection
	GlobalSection(ProjectConfigurationPlatforms) = postSolution
		{DF428D1A-C218-4829-B9B3-904DF9452128}.Debug|Any CPU.ActiveCfg = Debug|Any CPU
		{DF428D1A-C218-4829-B9B3-904DF9452128}.Debug|Any CPU.Build.0 = Debug|Any CPU
		{DF428D1A-C218-4829-B9B3-904DF9452128}.Release|Any CPU.ActiveCfg = Release|Any CPU
		{DF428D1A-C218-4829-B9B3-904DF9452128}.Release|Any CPU.Build.0 = Release|Any CPU
	EndGlobalSection
	GlobalSection(SolutionProperties) = preSolution
		HideSolutionNode = FALSE
	EndGlobalSection
	GlobalSection(ExtensibilityGlobals) = postSolution
		SolutionGuid = {6EFEA895-860F-4EA0-B05F-BD4C2A41A5EE}
	EndGlobalSection
EndGlobal
